<?xml version="1.0" encoding="utf-8"?>
<Project xmlns="http://schemas.microsoft.com/developer/msbuild/2003">
  <ItemGroup>
    <Filter Include="Generated Files">
      <UniqueIdentifier>{71ED8ED8-ACB9-4CE9-BBE1-E00B30144E11}</UniqueIdentifier>
      <Extensions>cpp;c;cxx;moc;h;def;odl;idl;res;</Extensions>
    </Filter>
    <Filter Include="Generated Files">
      <UniqueIdentifier>{71ED8ED8-ACB9-4CE9-BBE1-E00B30144E11}</UniqueIdentifier>
      <Extensions>cpp;c;cxx;moc;h;def;odl;idl;res;</Extensions>
    </Filter>
    <Filter Include="Header Files">
      <UniqueIdentifier>{93995380-89BD-4b04-88EB-625FBE52EBFB}</UniqueIdentifier>
      <Extensions>h;hpp;hxx;hm;inl;inc;xsd</Extensions>
    </Filter>
    <Filter Include="Header Files">
      <UniqueIdentifier>{93995380-89BD-4b04-88EB-625FBE52EBFB}</UniqueIdentifier>
      <Extensions>h;hpp;hxx;hm;inl;inc;xsd</Extensions>
    </Filter>
    <Filter Include="Resource Files">
      <UniqueIdentifier>{D9D6E242-F8AF-46E4-B9FD-80ECBC20BA3E}</UniqueIdentifier>
      <Extensions>qrc;*</Extensions>
      <ParseFiles>false</ParseFiles>
    </Filter>
    <Filter Include="Resource Files">
      <UniqueIdentifier>{D9D6E242-F8AF-46E4-B9FD-80ECBC20BA3E}</UniqueIdentifier>
      <Extensions>qrc;*</Extensions>
      <ParseFiles>false</ParseFiles>
    </Filter>
    <Filter Include="Source Files">
      <UniqueIdentifier>{4FC737F1-C7A5-4376-A066-2A32D752A2FF}</UniqueIdentifier>
      <Extensions>cpp;c;cxx;def;odl;idl;hpj;bat;asm;asmx</Extensions>
    </Filter>
    <Filter Include="Source Files">
      <UniqueIdentifier>{4FC737F1-C7A5-4376-A066-2A32D752A2FF}</UniqueIdentifier>
      <Extensions>cpp;c;cxx;def;odl;idl;hpj;bat;asm;asmx</Extensions>
    </Filter>
  </ItemGroup>
  <ItemGroup>
    <ClCompile Include="auxdigoutconfigdialog.cpp">
      <Filter>Source Files</Filter>
    </ClCompile>
    <ClCompile Include="bandwidthdialog.cpp">
      <Filter>Source Files</Filter>
    </ClCompile>
    <ClCompile Include="cabledelaydialog.cpp">
      <Filter>Source Files</Filter>
    </ClCompile>
    <ClCompile Include="helpdialogchipfilters.cpp">
      <Filter>Source Files</Filter>
    </ClCompile>
    <ClCompile Include="helpdialogcomparators.cpp">
      <Filter>Source Files</Filter>
    </ClCompile>
    <ClCompile Include="helpdialogdacs.cpp">
      <Filter>Source Files</Filter>
    </ClCompile>
    <ClCompile Include="helpdialogfastsettle.cpp">
      <Filter>Source Files</Filter>
    </ClCompile>
    <ClCompile Include="helpdialoghighpassfilter.cpp">
      <Filter>Source Files</Filter>
    </ClCompile>
    <ClCompile Include="helpdialognotchfilter.cpp">
      <Filter>Source Files</Filter>
    </ClCompile>
    <ClCompile Include="impedancefreqdialog.cpp">
      <Filter>Source Files</Filter>
    </ClCompile>
    <ClCompile Include="keyboardshortcutdialog.cpp">
      <Filter>Source Files</Filter>
    </ClCompile>
    <ClCompile Include="main.cpp">
      <Filter>Source Files</Filter>
    </ClCompile>
    <ClCompile Include="mainwindow.cpp">
      <Filter>Source Files</Filter>
    </ClCompile>
    <ClCompile Include="okFrontPanelDLL.cpp">
      <Filter>Source Files</Filter>
    </ClCompile>
    <ClCompile Include="randomnumber.cpp">
      <Filter>Source Files</Filter>
    </ClCompile>
    <ClCompile Include="renamechanneldialog.cpp">
      <Filter>Source Files</Filter>
    </ClCompile>
    <ClCompile Include="rhd2000datablock.cpp">
      <Filter>Source Files</Filter>
    </ClCompile>
    <ClCompile Include="rhd2000evalboard.cpp">
      <Filter>Source Files</Filter>
    </ClCompile>
    <ClCompile Include="rhd2000registers.cpp">
      <Filter>Source Files</Filter>
    </ClCompile>
    <ClCompile Include="setsaveformatdialog.cpp">
      <Filter>Source Files</Filter>
    </ClCompile>
    <ClCompile Include="signalchannel.cpp">
      <Filter>Source Files</Filter>
    </ClCompile>
    <ClCompile Include="signalgroup.cpp">
      <Filter>Source Files</Filter>
    </ClCompile>
    <ClCompile Include="signalprocessor.cpp">
      <Filter>Source Files</Filter>
    </ClCompile>
    <ClCompile Include="signalsources.cpp">
      <Filter>Source Files</Filter>
    </ClCompile>
    <ClCompile Include="spikeplot.cpp">
      <Filter>Source Files</Filter>
    </ClCompile>
    <ClCompile Include="spikescopedialog.cpp">
      <Filter>Source Files</Filter>
    </ClCompile>
    <ClCompile Include="triggerrecorddialog.cpp">
      <Filter>Source Files</Filter>
    </ClCompile>
    <ClCompile Include="waveplot.cpp">
      <Filter>Source Files</Filter>
    </ClCompile>
    <ClCompile Include=".\rhd2000interface_plugin_import.cpp">
      <Filter>Generated Files</Filter>
    </ClCompile>
  </ItemGroup>
  <ItemGroup>
    <QtMoc Include="auxdigoutconfigdialog.h">
      <Filter>Header Files</Filter>
    </QtMoc>
    <QtMoc Include="bandwidthdialog.h">
      <Filter>Header Files</Filter>
    </QtMoc>
    <QtMoc Include="cabledelaydialog.h">
      <Filter>Header Files</Filter>
    </QtMoc>
    <ClInclude Include="globalconstants.h">
      <Filter>Header Files</Filter>
    </ClInclude>
    <QtMoc Include="helpdialogchipfilters.h">
      <Filter>Header Files</Filter>
    </QtMoc>
    <QtMoc Include="helpdialogcomparators.h">
      <Filter>Header Files</Filter>
    </QtMoc>
    <QtMoc Include="helpdialogdacs.h">
      <Filter>Header Files</Filter>
    </QtMoc>
    <QtMoc Include="helpdialogfastsettle.h">
      <Filter>Header Files</Filter>
    </QtMoc>
    <QtMoc Include="helpdialoghighpassfilter.h">
      <Filter>Header Files</Filter>
    </QtMoc>
    <QtMoc Include="helpdialognotchfilter.h">
      <Filter>Header Files</Filter>
    </QtMoc>
    <QtMoc Include="impedancefreqdialog.h">
      <Filter>Header Files</Filter>
    </QtMoc>
    <QtMoc Include="keyboardshortcutdialog.h">
      <Filter>Header Files</Filter>
    </QtMoc>
    <QtMoc Include="mainwindow.h">
      <Filter>Header Files</Filter>
    </QtMoc>
    <ClInclude Include="okFrontPanelDLL.h">
      <Filter>Header Files</Filter>
    </ClInclude>
    <ClInclude Include="randomnumber.h">
      <Filter>Header Files</Filter>
    </ClInclude>
    <QtMoc Include="renamechanneldialog.h">
      <Filter>Header Files</Filter>
    </QtMoc>
    <ClInclude Include="rhd2000datablock.h">
      <Filter>Header Files</Filter>
    </ClInclude>
    <ClInclude Include="rhd2000evalboard.h">
      <Filter>Header Files</Filter>
    </ClInclude>
    <ClInclude Include="rhd2000registers.h">
      <Filter>Header Files</Filter>
    </ClInclude>
    <QtMoc Include="setsaveformatdialog.h">
      <Filter>Header Files</Filter>
    </QtMoc>
    <ClInclude Include="signalchannel.h">
      <Filter>Header Files</Filter>
    </ClInclude>
    <ClInclude Include="signalgroup.h">
      <Filter>Header Files</Filter>
    </ClInclude>
    <ClInclude Include="signalprocessor.h">
      <Filter>Header Files</Filter>
    </ClInclude>
    <ClInclude Include="signalsources.h">
      <Filter>Header Files</Filter>
    </ClInclude>
    <QtMoc Include="spikeplot.h">
      <Filter>Header Files</Filter>
    </QtMoc>
    <QtMoc Include="spikescopedialog.h">
      <Filter>Header Files</Filter>
    </QtMoc>
    <QtMoc Include="triggerrecorddialog.h">
      <Filter>Header Files</Filter>
    </QtMoc>
    <QtMoc Include="waveplot.h">
      <Filter>Header Files</Filter>
    </QtMoc>
  </ItemGroup>
  <ItemGroup>
    <CustomBuild Include="debug\moc_predefs.h.cbt">
      <Filter>Generated Files</Filter>
    </CustomBuild>
    <CustomBuild Include="release\moc_predefs.h.cbt">
      <Filter>Generated Files</Filter>
    </CustomBuild>
  </ItemGroup>
  <ItemGroup>
    <None Include="images\Intan_Icon_32p_trans24.png">
      <Filter>Resource Files</Filter>
    </None>
    <QtRcc Include="RHD2000interface.qrc">
      <Filter>Resource Files</Filter>
    </QtRcc>
    <None Include="images\help_diagram_DACs.png">
      <Filter>Resource Files</Filter>
    </None>
    <None Include="images\help_diagram_chip_filters.png">
      <Filter>Resource Files</Filter>
    </None>
    <None Include="images\help_diagram_comparators.png">
      <Filter>Resource Files</Filter>
    </None>
    <None Include="images\help_diagram_notch_filter.png">
      <Filter>Resource Files</Filter>
    </None>
    <None Include="images\help_diagram_software_HPFs.png">
      <Filter>Resource Files</Filter>
    </None>
    <None Include="sounds\triggerbeep.wav">
      <Filter>Resource Files</Filter>
    </None>
    <None Include="sounds\triggerendbeep.wav">
      <Filter>Resource Files</Filter>
    </None>
  </ItemGroup>
</Project>